// !$*UTF8*$!
{
	archiveVersion = 1;
	classes = {
	};
	objectVersion = 56;
	objects = {

/* Begin PBXBuildFile section */
		2DE28AEB82DD324A234807F2 /* Pods_Notes_App.framework in Frameworks */ = {isa = PBXBuildFile; fileRef = 863CCE421419F5B36BC94981 /* Pods_Notes_App.framework */; };
		B70F46772955E1E300763103 /* SelectedNoteVIewController.swift in Sources */ = {isa = PBXBuildFile; fileRef = B70F46762955E1E300763103 /* SelectedNoteVIewController.swift */; };
		B70F467E2955E26600763103 /* LayoutMultipliers.swift in Sources */ = {isa = PBXBuildFile; fileRef = B70F467D2955E26600763103 /* LayoutMultipliers.swift */; };
		B70F46852955E42800763103 /* NotesTableViewCell.swift in Sources */ = {isa = PBXBuildFile; fileRef = B70F46842955E42800763103 /* NotesTableViewCell.swift */; };
		B70F4689295AFC4000763103 /* Date.swift in Sources */ = {isa = PBXBuildFile; fileRef = B70F4688295AFC3F00763103 /* Date.swift */; };
		B70F468E295BBEF600763103 /* Note+CoreDataClass.swift in Sources */ = {isa = PBXBuildFile; fileRef = B70F468C295BBEF600763103 /* Note+CoreDataClass.swift */; };
		B70F468F295BBEF600763103 /* Note+CoreDataProperties.swift in Sources */ = {isa = PBXBuildFile; fileRef = B70F468D295BBEF600763103 /* Note+CoreDataProperties.swift */; };
		B70F4691295BC2F000763103 /* CoreDataManager.swift in Sources */ = {isa = PBXBuildFile; fileRef = B70F4690295BC2F000763103 /* CoreDataManager.swift */; };
		B759CB82295394E500FF934F /* AppDelegate.swift in Sources */ = {isa = PBXBuildFile; fileRef = B759CB81295394E500FF934F /* AppDelegate.swift */; };
		B759CB84295394E500FF934F /* SceneDelegate.swift in Sources */ = {isa = PBXBuildFile; fileRef = B759CB83295394E500FF934F /* SceneDelegate.swift */; };
		B759CB86295394E500FF934F /* AllNotesViewController.swift in Sources */ = {isa = PBXBuildFile; fileRef = B759CB85295394E500FF934F /* AllNotesViewController.swift */; };
		B759CB8C295394E500FF934F /* Notes_App.xcdatamodeld in Sources */ = {isa = PBXBuildFile; fileRef = B759CB8A295394E500FF934F /* Notes_App.xcdatamodeld */; };
		B759CB8E295394F000FF934F /* Assets.xcassets in Resources */ = {isa = PBXBuildFile; fileRef = B759CB8D295394F000FF934F /* Assets.xcassets */; };
		B759CB91295394F000FF934F /* LaunchScreen.storyboard in Resources */ = {isa = PBXBuildFile; fileRef = B759CB8F295394F000FF934F /* LaunchScreen.storyboard */; };
/* End PBXBuildFile section */

/* Begin PBXFileReference section */
		6803245E2453B110983A8F8F /* Pods-Notes App.release.xcconfig */ = {isa = PBXFileReference; includeInIndex = 1; lastKnownFileType = text.xcconfig; name = "Pods-Notes App.release.xcconfig"; path = "Target Support Files/Pods-Notes App/Pods-Notes App.release.xcconfig"; sourceTree = "<group>"; };
		863CCE421419F5B36BC94981 /* Pods_Notes_App.framework */ = {isa = PBXFileReference; explicitFileType = wrapper.framework; includeInIndex = 0; path = Pods_Notes_App.framework; sourceTree = BUILT_PRODUCTS_DIR; };
		B70F46762955E1E300763103 /* SelectedNoteVIewController.swift */ = {isa = PBXFileReference; lastKnownFileType = sourcecode.swift; path = SelectedNoteVIewController.swift; sourceTree = "<group>"; };
		B70F467D2955E26600763103 /* LayoutMultipliers.swift */ = {isa = PBXFileReference; lastKnownFileType = sourcecode.swift; path = LayoutMultipliers.swift; sourceTree = "<group>"; };
		B70F46842955E42800763103 /* NotesTableViewCell.swift */ = {isa = PBXFileReference; lastKnownFileType = sourcecode.swift; path = NotesTableViewCell.swift; sourceTree = "<group>"; };
		B70F4688295AFC3F00763103 /* Date.swift */ = {isa = PBXFileReference; lastKnownFileType = sourcecode.swift; path = Date.swift; sourceTree = "<group>"; };
		B70F468C295BBEF600763103 /* Note+CoreDataClass.swift */ = {isa = PBXFileReference; fileEncoding = 4; lastKnownFileType = sourcecode.swift; path = "Note+CoreDataClass.swift"; sourceTree = "<group>"; };
		B70F468D295BBEF600763103 /* Note+CoreDataProperties.swift */ = {isa = PBXFileReference; fileEncoding = 4; lastKnownFileType = sourcecode.swift; path = "Note+CoreDataProperties.swift"; sourceTree = "<group>"; };
		B70F4690295BC2F000763103 /* CoreDataManager.swift */ = {isa = PBXFileReference; lastKnownFileType = sourcecode.swift; path = CoreDataManager.swift; sourceTree = "<group>"; };
		B759CB7E295394E500FF934F /* Notes App.app */ = {isa = PBXFileReference; explicitFileType = wrapper.application; includeInIndex = 0; path = "Notes App.app"; sourceTree = BUILT_PRODUCTS_DIR; };
		B759CB81295394E500FF934F /* AppDelegate.swift */ = {isa = PBXFileReference; lastKnownFileType = sourcecode.swift; path = AppDelegate.swift; sourceTree = "<group>"; };
		B759CB83295394E500FF934F /* SceneDelegate.swift */ = {isa = PBXFileReference; lastKnownFileType = sourcecode.swift; path = SceneDelegate.swift; sourceTree = "<group>"; };
		B759CB85295394E500FF934F /* AllNotesViewController.swift */ = {isa = PBXFileReference; lastKnownFileType = sourcecode.swift; path = AllNotesViewController.swift; sourceTree = "<group>"; };
		B759CB8B295394E500FF934F /* Notes_App.xcdatamodel */ = {isa = PBXFileReference; lastKnownFileType = wrapper.xcdatamodel; path = Notes_App.xcdatamodel; sourceTree = "<group>"; };
		B759CB8D295394F000FF934F /* Assets.xcassets */ = {isa = PBXFileReference; lastKnownFileType = folder.assetcatalog; path = Assets.xcassets; sourceTree = "<group>"; };
		B759CB90295394F000FF934F /* Base */ = {isa = PBXFileReference; lastKnownFileType = file.storyboard; name = Base; path = Base.lproj/LaunchScreen.storyboard; sourceTree = "<group>"; };
		B759CB92295394F000FF934F /* Info.plist */ = {isa = PBXFileReference; lastKnownFileType = text.plist.xml; path = Info.plist; sourceTree = "<group>"; };
		FAAA2AAD20DA7A6E60B9BE52 /* Pods-Notes App.debug.xcconfig */ = {isa = PBXFileReference; includeInIndex = 1; lastKnownFileType = text.xcconfig; name = "Pods-Notes App.debug.xcconfig"; path = "Target Support Files/Pods-Notes App/Pods-Notes App.debug.xcconfig"; sourceTree = "<group>"; };
/* End PBXFileReference section */

/* Begin PBXFrameworksBuildPhase section */
		B759CB7B295394E500FF934F /* Frameworks */ = {
			isa = PBXFrameworksBuildPhase;
			buildActionMask = 2147483647;
			files = (
				2DE28AEB82DD324A234807F2 /* Pods_Notes_App.framework in Frameworks */,
			);
			runOnlyForDeploymentPostprocessing = 0;
		};
/* End PBXFrameworksBuildPhase section */

/* Begin PBXGroup section */
		B70F46742955E16300763103 /* Application */ = {
			isa = PBXGroup;
			children = (
				B759CB81295394E500FF934F /* AppDelegate.swift */,
				B759CB83295394E500FF934F /* SceneDelegate.swift */,
			);
			path = Application;
			sourceTree = "<group>";
		};
		B70F46752955E17900763103 /* Controllers */ = {
			isa = PBXGroup;
			children = (
				B759CB85295394E500FF934F /* AllNotesViewController.swift */,
				B70F46762955E1E300763103 /* SelectedNoteVIewController.swift */,
			);
			path = Controllers;
			sourceTree = "<group>";
		};
		B70F46782955E20600763103 /* Views */ = {
			isa = PBXGroup;
			children = (
				B70F46842955E42800763103 /* NotesTableViewCell.swift */,
			);
			path = Views;
			sourceTree = "<group>";
		};
		B70F467B2955E24800763103 /* Model */ = {
			isa = PBXGroup;
			children = (
				B759CB8A295394E500FF934F /* Notes_App.xcdatamodeld */,
				B70F468C295BBEF600763103 /* Note+CoreDataClass.swift */,
				B70F468D295BBEF600763103 /* Note+CoreDataProperties.swift */,
				B70F4690295BC2F000763103 /* CoreDataManager.swift */,
			);
			path = Model;
			sourceTree = "<group>";
		};
		B70F467C2955E25500763103 /* Helpers */ = {
			isa = PBXGroup;
			children = (
				B70F467D2955E26600763103 /* LayoutMultipliers.swift */,
				B70F4688295AFC3F00763103 /* Date.swift */,
			);
			path = Helpers;
			sourceTree = "<group>";
		};
		B759CB75295394E500FF934F = {
			isa = PBXGroup;
			children = (
				B759CB80295394E500FF934F /* Notes App */,
				B759CB7F295394E500FF934F /* Products */,
				E52236F18FE5DE29AC3DD5CD /* Pods */,
				FFDCA1B257A5C496E5711E56 /* Frameworks */,
			);
			sourceTree = "<group>";
		};
		B759CB7F295394E500FF934F /* Products */ = {
			isa = PBXGroup;
			children = (
				B759CB7E295394E500FF934F /* Notes App.app */,
			);
			name = Products;
			sourceTree = "<group>";
		};
		B759CB80295394E500FF934F /* Notes App */ = {
			isa = PBXGroup;
			children = (
				B70F46742955E16300763103 /* Application */,
				B70F467B2955E24800763103 /* Model */,
				B70F46782955E20600763103 /* Views */,
				B70F46752955E17900763103 /* Controllers */,
				B70F467C2955E25500763103 /* Helpers */,
				B759CB8D295394F000FF934F /* Assets.xcassets */,
				B759CB8F295394F000FF934F /* LaunchScreen.storyboard */,
				B759CB92295394F000FF934F /* Info.plist */,
			);
			path = "Notes App";
			sourceTree = "<group>";
		};
		E52236F18FE5DE29AC3DD5CD /* Pods */ = {
			isa = PBXGroup;
			children = (
				FAAA2AAD20DA7A6E60B9BE52 /* Pods-Notes App.debug.xcconfig */,
				6803245E2453B110983A8F8F /* Pods-Notes App.release.xcconfig */,
			);
			path = Pods;
			sourceTree = "<group>";
		};
		FFDCA1B257A5C496E5711E56 /* Frameworks */ = {
			isa = PBXGroup;
			children = (
				863CCE421419F5B36BC94981 /* Pods_Notes_App.framework */,
			);
			name = Frameworks;
			sourceTree = "<group>";
		};
/* End PBXGroup section */

/* Begin PBXNativeTarget section */
		B759CB7D295394E500FF934F /* Notes App */ = {
			isa = PBXNativeTarget;
			buildConfigurationList = B759CB95295394F000FF934F /* Build configuration list for PBXNativeTarget "Notes App" */;
			buildPhases = (
				C5061A9076FF26DC4D42DFD9 /* [CP] Check Pods Manifest.lock */,
				B759CB7A295394E500FF934F /* Sources */,
				B759CB7B295394E500FF934F /* Frameworks */,
				B759CB7C295394E500FF934F /* Resources */,
				79CFE30F9EEB379798C7E1C1 /* [CP] Embed Pods Frameworks */,
			);
			buildRules = (
			);
			dependencies = (
			);
			name = "Notes App";
			productName = "Notes App";
			productReference = B759CB7E295394E500FF934F /* Notes App.app */;
			productType = "com.apple.product-type.application";
		};
/* End PBXNativeTarget section */

/* Begin PBXProject section */
		B759CB76295394E500FF934F /* Project object */ = {
			isa = PBXProject;
			attributes = {
				BuildIndependentTargetsInParallel = 1;
				LastSwiftUpdateCheck = 1410;
				LastUpgradeCheck = 1410;
				TargetAttributes = {
					B759CB7D295394E500FF934F = {
						CreatedOnToolsVersion = 14.1;
					};
				};
			};
			buildConfigurationList = B759CB79295394E500FF934F /* Build configuration list for PBXProject "Notes App" */;
			compatibilityVersion = "Xcode 14.0";
			developmentRegion = en;
			hasScannedForEncodings = 0;
			knownRegions = (
				en,
				Base,
			);
			mainGroup = B759CB75295394E500FF934F;
			productRefGroup = B759CB7F295394E500FF934F /* Products */;
			projectDirPath = "";
			projectRoot = "";
			targets = (
				B759CB7D295394E500FF934F /* Notes App */,
			);
		};
/* End PBXProject section */

/* Begin PBXResourcesBuildPhase section */
		B759CB7C295394E500FF934F /* Resources */ = {
			isa = PBXResourcesBuildPhase;
			buildActionMask = 2147483647;
			files = (
				B759CB91295394F000FF934F /* LaunchScreen.storyboard in Resources */,
				B759CB8E295394F000FF934F /* Assets.xcassets in Resources */,
			);
			runOnlyForDeploymentPostprocessing = 0;
		};
/* End PBXResourcesBuildPhase section */

/* Begin PBXShellScriptBuildPhase section */
		79CFE30F9EEB379798C7E1C1 /* [CP] Embed Pods Frameworks */ = {
			isa = PBXShellScriptBuildPhase;
			buildActionMask = 2147483647;
			files = (
			);
			inputFileListPaths = (
				"${PODS_ROOT}/Target Support Files/Pods-Notes App/Pods-Notes App-frameworks-${CONFIGURATION}-input-files.xcfilelist",
			);
			name = "[CP] Embed Pods Frameworks";
			outputFileListPaths = (
				"${PODS_ROOT}/Target Support Files/Pods-Notes App/Pods-Notes App-frameworks-${CONFIGURATION}-output-files.xcfilelist",
			);
			runOnlyForDeploymentPostprocessing = 0;
			shellPath = /bin/sh;
			shellScript = "\"${PODS_ROOT}/Target Support Files/Pods-Notes App/Pods-Notes App-frameworks.sh\"\n";
			showEnvVarsInLog = 0;
		};
		C5061A9076FF26DC4D42DFD9 /* [CP] Check Pods Manifest.lock */ = {
			isa = PBXShellScriptBuildPhase;
			buildActionMask = 2147483647;
			files = (
			);
			inputFileListPaths = (
			);
			inputPaths = (
				"${PODS_PODFILE_DIR_PATH}/Podfile.lock",
				"${PODS_ROOT}/Manifest.lock",
			);
			name = "[CP] Check Pods Manifest.lock";
			outputFileListPaths = (
			);
			outputPaths = (
				"$(DERIVED_FILE_DIR)/Pods-Notes App-checkManifestLockResult.txt",
			);
			runOnlyForDeploymentPostprocessing = 0;
			shellPath = /bin/sh;
			shellScript = "diff \"${PODS_PODFILE_DIR_PATH}/Podfile.lock\" \"${PODS_ROOT}/Manifest.lock\" > /dev/null\nif [ $? != 0 ] ; then\n    # print error to STDERR\n    echo \"error: The sandbox is not in sync with the Podfile.lock. Run 'pod install' or update your CocoaPods installation.\" >&2\n    exit 1\nfi\n# This output is used by Xcode 'outputs' to avoid re-running this script phase.\necho \"SUCCESS\" > \"${SCRIPT_OUTPUT_FILE_0}\"\n";
			showEnvVarsInLog = 0;
		};
/* End PBXShellScriptBuildPhase section */

/* Begin PBXSourcesBuildPhase section */
		B759CB7A295394E500FF934F /* Sources */ = {
			isa = PBXSourcesBuildPhase;
			buildActionMask = 2147483647;
			files = (
				B70F4689295AFC4000763103 /* Date.swift in Sources */,
				B70F46772955E1E300763103 /* SelectedNoteVIewController.swift in Sources */,
				B70F467E2955E26600763103 /* LayoutMultipliers.swift in Sources */,
				B759CB86295394E500FF934F /* AllNotesViewController.swift in Sources */,
				B759CB82295394E500FF934F /* AppDelegate.swift in Sources */,
				B759CB84295394E500FF934F /* SceneDelegate.swift in Sources */,
				B70F468E295BBEF600763103 /* Note+CoreDataClass.swift in Sources */,
				B759CB8C295394E500FF934F /* Notes_App.xcdatamodeld in Sources */,
				B70F46852955E42800763103 /* NotesTableViewCell.swift in Sources */,
				B70F468F295BBEF600763103 /* Note+CoreDataProperties.swift in Sources */,
				B70F4691295BC2F000763103 /* CoreDataManager.swift in Sources */,
			);
			runOnlyForDeploymentPostprocessing = 0;
		};
/* End PBXSourcesBuildPhase section */

/* Begin PBXVariantGroup section */
		B759CB8F295394F000FF934F /* LaunchScreen.storyboard */ = {
			isa = PBXVariantGroup;
			children = (
				B759CB90295394F000FF934F /* Base */,
			);
			name = LaunchScreen.storyboard;
			sourceTree = "<group>";
		};
/* End PBXVariantGroup section */

/* Begin XCBuildConfiguration section */
		B759CB93295394F000FF934F /* Debug */ = {
			isa = XCBuildConfiguration;
			buildSettings = {
				ALWAYS_SEARCH_USER_PATHS = NO;
				CLANG_ANALYZER_NONNULL = YES;
				CLANG_ANALYZER_NUMBER_OBJECT_CONVERSION = YES_AGGRESSIVE;
				CLANG_CXX_LANGUAGE_STANDARD = "gnu++20";
				CLANG_ENABLE_MODULES = YES;
				CLANG_ENABLE_OBJC_ARC = YES;
				CLANG_ENABLE_OBJC_WEAK = YES;
				CLANG_WARN_BLOCK_CAPTURE_AUTORELEASING = YES;
				CLANG_WARN_BOOL_CONVERSION = YES;
				CLANG_WARN_COMMA = YES;
				CLANG_WARN_CONSTANT_CONVERSION = YES;
				CLANG_WARN_DEPRECATED_OBJC_IMPLEMENTATIONS = YES;
				CLANG_WARN_DIRECT_OBJC_ISA_USAGE = YES_ERROR;
				CLANG_WARN_DOCUMENTATION_COMMENTS = YES;
				CLANG_WARN_EMPTY_BODY = YES;
				CLANG_WARN_ENUM_CONVERSION = YES;
				CLANG_WARN_INFINITE_RECURSION = YES;
				CLANG_WARN_INT_CONVERSION = YES;
				CLANG_WARN_NON_LITERAL_NULL_CONVERSION = YES;
				CLANG_WARN_OBJC_IMPLICIT_RETAIN_SELF = YES;
				CLANG_WARN_OBJC_LITERAL_CONVERSION = YES;
				CLANG_WARN_OBJC_ROOT_CLASS = YES_ERROR;
				CLANG_WARN_QUOTED_INCLUDE_IN_FRAMEWORK_HEADER = YES;
				CLANG_WARN_RANGE_LOOP_ANALYSIS = YES;
				CLANG_WARN_STRICT_PROTOTYPES = YES;
				CLANG_WARN_SUSPICIOUS_MOVE = YES;
				CLANG_WARN_UNGUARDED_AVAILABILITY = YES_AGGRESSIVE;
				CLANG_WARN_UNREACHABLE_CODE = YES;
				CLANG_WARN__DUPLICATE_METHOD_MATCH = YES;
				COPY_PHASE_STRIP = NO;
				DEBUG_INFORMATION_FORMAT = dwarf;
				ENABLE_STRICT_OBJC_MSGSEND = YES;
				ENABLE_TESTABILITY = YES;
				GCC_C_LANGUAGE_STANDARD = gnu11;
				GCC_DYNAMIC_NO_PIC = NO;
				GCC_NO_COMMON_BLOCKS = YES;
				GCC_OPTIMIZATION_LEVEL = 0;
				GCC_PREPROCESSOR_DEFINITIONS = (
					"DEBUG=1",
					"$(inherited)",
				);
				GCC_WARN_64_TO_32_BIT_CONVERSION = YES;
				GCC_WARN_ABOUT_RETURN_TYPE = YES_ERROR;
				GCC_WARN_UNDECLARED_SELECTOR = YES;
				GCC_WARN_UNINITIALIZED_AUTOS = YES_AGGRESSIVE;
				GCC_WARN_UNUSED_FUNCTION = YES;
				GCC_WARN_UNUSED_VARIABLE = YES;
				IPHONEOS_DEPLOYMENT_TARGET = 16.1;
				MTL_ENABLE_DEBUG_INFO = INCLUDE_SOURCE;
				MTL_FAST_MATH = YES;
				ONLY_ACTIVE_ARCH = YES;
				SDKROOT = iphoneos;
				SWIFT_ACTIVE_COMPILATION_CONDITIONS = DEBUG;
				SWIFT_OPTIMIZATION_LEVEL = "-Onone";
			};
			name = Debug;
		};
		B759CB94295394F000FF934F /* Release */ = {
			isa = XCBuildConfiguration;
			buildSettings = {
				ALWAYS_SEARCH_USER_PATHS = NO;
				CLANG_ANALYZER_NONNULL = YES;
				CLANG_ANALYZER_NUMBER_OBJECT_CONVERSION = YES_AGGRESSIVE;
				CLANG_CXX_LANGUAGE_STANDARD = "gnu++20";
				CLANG_ENABLE_MODULES = YES;
				CLANG_ENABLE_OBJC_ARC = YES;
				CLANG_ENABLE_OBJC_WEAK = YES;
				CLANG_WARN_BLOCK_CAPTURE_AUTORELEASING = YES;
				CLANG_WARN_BOOL_CONVERSION = YES;
				CLANG_WARN_COMMA = YES;
				CLANG_WARN_CONSTANT_CONVERSION = YES;
				CLANG_WARN_DEPRECATED_OBJC_IMPLEMENTATIONS = YES;
				CLANG_WARN_DIRECT_OBJC_ISA_USAGE = YES_ERROR;
				CLANG_WARN_DOCUMENTATION_COMMENTS = YES;
				CLANG_WARN_EMPTY_BODY = YES;
				CLANG_WARN_ENUM_CONVERSION = YES;
				CLANG_WARN_INFINITE_RECURSION = YES;
				CLANG_WARN_INT_CONVERSION = YES;
				CLANG_WARN_NON_LITERAL_NULL_CONVERSION = YES;
				CLANG_WARN_OBJC_IMPLICIT_RETAIN_SELF = YES;
				CLANG_WARN_OBJC_LITERAL_CONVERSION = YES;
				CLANG_WARN_OBJC_ROOT_CLASS = YES_ERROR;
				CLANG_WARN_QUOTED_INCLUDE_IN_FRAMEWORK_HEADER = YES;
				CLANG_WARN_RANGE_LOOP_ANALYSIS = YES;
				CLANG_WARN_STRICT_PROTOTYPES = YES;
				CLANG_WARN_SUSPICIOUS_MOVE = YES;
				CLANG_WARN_UNGUARDED_AVAILABILITY = YES_AGGRESSIVE;
				CLANG_WARN_UNREACHABLE_CODE = YES;
				CLANG_WARN__DUPLICATE_METHOD_MATCH = YES;
				COPY_PHASE_STRIP = NO;
				DEBUG_INFORMATION_FORMAT = "dwarf-with-dsym";
				ENABLE_NS_ASSERTIONS = NO;
				ENABLE_STRICT_OBJC_MSGSEND = YES;
				GCC_C_LANGUAGE_STANDARD = gnu11;
				GCC_NO_COMMON_BLOCKS = YES;
				GCC_WARN_64_TO_32_BIT_CONVERSION = YES;
				GCC_WARN_ABOUT_RETURN_TYPE = YES_ERROR;
				GCC_WARN_UNDECLARED_SELECTOR = YES;
				GCC_WARN_UNINITIALIZED_AUTOS = YES_AGGRESSIVE;
				GCC_WARN_UNUSED_FUNCTION = YES;
				GCC_WARN_UNUSED_VARIABLE = YES;
				IPHONEOS_DEPLOYMENT_TARGET = 16.1;
				MTL_ENABLE_DEBUG_INFO = NO;
				MTL_FAST_MATH = YES;
				SDKROOT = iphoneos;
				SWIFT_COMPILATION_MODE = wholemodule;
				SWIFT_OPTIMIZATION_LEVEL = "-O";
				VALIDATE_PRODUCT = YES;
			};
			name = Release;
		};
		B759CB96295394F000FF934F /* Debug */ = {
			isa = XCBuildConfiguration;
			baseConfigurationReference = FAAA2AAD20DA7A6E60B9BE52 /* Pods-Notes App.debug.xcconfig */;
			buildSettings = {
				ASSETCATALOG_COMPILER_APPICON_NAME = AppIcon;
				ASSETCATALOG_COMPILER_GLOBAL_ACCENT_COLOR_NAME = AccentColor;
				CODE_SIGN_STYLE = Automatic;
				CURRENT_PROJECT_VERSION = 1;
				DEVELOPMENT_TEAM = G47JNCFJH9;
				GENERATE_INFOPLIST_FILE = YES;
				INFOPLIST_FILE = "Notes App/Info.plist";
				INFOPLIST_KEY_UIApplicationSupportsIndirectInputEvents = YES;
				INFOPLIST_KEY_UILaunchStoryboardName = LaunchScreen;
				INFOPLIST_KEY_UIMainStoryboardFile = "";
				INFOPLIST_KEY_UISupportedInterfaceOrientations = UIInterfaceOrientationPortrait;
				IPHONEOS_DEPLOYMENT_TARGET = 15.0;
				LD_RUNPATH_SEARCH_PATHS = (
					"$(inherited)",
					"@executable_path/Frameworks",
				);
				MARKETING_VERSION = 1.0;
				PRODUCT_BUNDLE_IDENTIFIER = "cotannngens.Notes-App";
				PRODUCT_NAME = "$(TARGET_NAME)";
				SUPPORTED_PLATFORMS = "iphoneos iphonesimulator";
				SUPPORTS_MACCATALYST = NO;
				SUPPORTS_MAC_DESIGNED_FOR_IPHONE_IPAD = NO;
				SWIFT_EMIT_LOC_STRINGS = YES;
				SWIFT_VERSION = 5.0;
				TARGETED_DEVICE_FAMILY = 1;
			};
			name = Debug;
		};
		B759CB97295394F000FF934F /* Release */ = {
			isa = XCBuildConfiguration;
			baseConfigurationReference = 6803245E2453B110983A8F8F /* Pods-Notes App.release.xcconfig */;
			buildSettings = {
				ASSETCATALOG_COMPILER_APPICON_NAME = AppIcon;
				ASSETCATALOG_COMPILER_GLOBAL_ACCENT_COLOR_NAME = AccentColor;
				CODE_SIGN_STYLE = Automatic;
				CURRENT_PROJECT_VERSION = 1;
				DEVELOPMENT_TEAM = G47JNCFJH9;
				GENERATE_INFOPLIST_FILE = YES;
				INFOPLIST_FILE = "Notes App/Info.plist";
				INFOPLIST_KEY_UIApplicationSupportsIndirectInputEvents = YES;
				INFOPLIST_KEY_UILaunchStoryboardName = LaunchScreen;
				INFOPLIST_KEY_UIMainStoryboardFile = "";
				INFOPLIST_KEY_UISupportedInterfaceOrientations = UIInterfaceOrientationPortrait;
				IPHONEOS_DEPLOYMENT_TARGET = 15.0;
				LD_RUNPATH_SEARCH_PATHS = (
					"$(inherited)",
					"@executable_path/Frameworks",
				);
				MARKETING_VERSION = 1.0;
				PRODUCT_BUNDLE_IDENTIFIER = "cotannngens.Notes-App";
				PRODUCT_NAME = "$(TARGET_NAME)";
				SUPPORTED_PLATFORMS = "iphoneos iphonesimulator";
				SUPPORTS_MACCATALYST = NO;
				SUPPORTS_MAC_DESIGNED_FOR_IPHONE_IPAD = NO;
				SWIFT_EMIT_LOC_STRINGS = YES;
				SWIFT_VERSION = 5.0;
				TARGETED_DEVICE_FAMILY = 1;
			};
			name = Release;
		};
/* End XCBuildConfiguration section */

/* Begin XCConfigurationList section */
		B759CB79295394E500FF934F /* Build configuration list for PBXProject "Notes App" */ = {
			isa = XCConfigurationList;
			buildConfigurations = (
				B759CB93295394F000FF934F /* Debug */,
				B759CB94295394F000FF934F /* Release */,
			);
			defaultConfigurationIsVisible = 0;
			defaultConfigurationName = Release;
		};
		B759CB95295394F000FF934F /* Build configuration list for PBXNativeTarget "Notes App" */ = {
			isa = XCConfigurationList;
			buildConfigurations = (
				B759CB96295394F000FF934F /* Debug */,
				B759CB97295394F000FF934F /* Release */,
			);
			defaultConfigurationIsVisible = 0;
			defaultConfigurationName = Release;
		};
/* End XCConfigurationList section */

/* Begin XCVersionGroup section */
		B759CB8A295394E500FF934F /* Notes_App.xcdatamodeld */ = {
			isa = XCVersionGroup;
			children = (
				B759CB8B295394E500FF934F /* Notes_App.xcdatamodel */,
			);
			currentVersion = B759CB8B295394E500FF934F /* Notes_App.xcdatamodel */;
			path = Notes_App.xcdatamodeld;
			sourceTree = "<group>";
			versionGroupType = wrapper.xcdatamodel;
		};
/* End XCVersionGroup section */
	};
	rootObject = B759CB76295394E500FF934F /* Project object */;
}
